
Microsoft Visual Studio Solution File, Format Version 12.00
# Visual Studio 14
VisualStudioVersion = 14.0.25123.0
MinimumVisualStudioVersion = 10.0.40219.1
Project("{2150E333-8FDC-42A3-9474-1A3956D46DE8}") = ".nuget", ".nuget", "{90036B3D-3487-407A-A371-5E7B0E579D03}"
EndProject
Project("{FAE04EC0-301F-11D3-BF4B-00C04F79EFBC}") = "TreasureGen.Domain", "TreasureGen.Domain\TreasureGen.Domain.csproj", "{9B207AC5-2BDC-4C03-833A-A4DC96BB9F23}"
EndProject
Project("{FAE04EC0-301F-11D3-BF4B-00C04F79EFBC}") = "TreasureGen", "TreasureGen\TreasureGen.csproj", "{A8E27FEB-C25E-4315-AACE-7CD6F72E9FC9}"
EndProject
Project("{FAE04EC0-301F-11D3-BF4B-00C04F79EFBC}") = "TreasureGen.Tests.Integration.IoC", "TreasureGen.Tests.Integration.IoC\TreasureGen.Tests.Integration.IoC.csproj", "{87AC49FF-B578-4FC3-8A1E-242B6CF0E760}"
EndProject
Project("{FAE04EC0-301F-11D3-BF4B-00C04F79EFBC}") = "TreasureGen.Tests.Integration.Stress", "TreasureGen.Tests.Integration.Stress\TreasureGen.Tests.Integration.Stress.csproj", "{A90C77F8-6122-4C74-8E19-635C4A8D0B21}"
EndProject
Project("{FAE04EC0-301F-11D3-BF4B-00C04F79EFBC}") = "TreasureGen.Tests.Integration.Tables", "TreasureGen.Tests.Integration.Tables\TreasureGen.Tests.Integration.Tables.csproj", "{A53AB08B-6155-4F91-8F83-384265F58530}"
EndProject
Project("{FAE04EC0-301F-11D3-BF4B-00C04F79EFBC}") = "TreasureGen.Tests.Unit", "TreasureGen.Tests.Unit\TreasureGen.Tests.Unit.csproj", "{28C8919C-6D51-4E5D-8214-DA6E35F9FDEE}"
EndProject
Project("{FAE04EC0-301F-11D3-BF4B-00C04F79EFBC}") = "TreasureGen.Tests.Integration", "TreasureGen.Tests.Integration\TreasureGen.Tests.Integration.csproj", "{4386B84E-FCCA-4FC2-84D7-BD4161CA4612}"
EndProject
Global
	GlobalSection(SolutionConfigurationPlatforms) = preSolution
		Debug|Any CPU = Debug|Any CPU
		Release|Any CPU = Release|Any CPU
		Stress|Any CPU = Stress|Any CPU
	EndGlobalSection
	GlobalSection(ProjectConfigurationPlatforms) = postSolution
		{9B207AC5-2BDC-4C03-833A-A4DC96BB9F23}.Debug|Any CPU.ActiveCfg = Debug|Any CPU
		{9B207AC5-2BDC-4C03-833A-A4DC96BB9F23}.Debug|Any CPU.Build.0 = Debug|Any CPU
		{9B207AC5-2BDC-4C03-833A-A4DC96BB9F23}.Release|Any CPU.ActiveCfg = Release|Any CPU
		{9B207AC5-2BDC-4C03-833A-A4DC96BB9F23}.Release|Any CPU.Build.0 = Release|Any CPU
		{9B207AC5-2BDC-4C03-833A-A4DC96BB9F23}.Stress|Any CPU.ActiveCfg = Release|Any CPU
		{9B207AC5-2BDC-4C03-833A-A4DC96BB9F23}.Stress|Any CPU.Build.0 = Release|Any CPU
		{A8E27FEB-C25E-4315-AACE-7CD6F72E9FC9}.Debug|Any CPU.ActiveCfg = Debug|Any CPU
		{A8E27FEB-C25E-4315-AACE-7CD6F72E9FC9}.Debug|Any CPU.Build.0 = Debug|Any CPU
		{A8E27FEB-C25E-4315-AACE-7CD6F72E9FC9}.Release|Any CPU.ActiveCfg = Release|Any CPU
		{A8E27FEB-C25E-4315-AACE-7CD6F72E9FC9}.Release|Any CPU.Build.0 = Release|Any CPU
		{A8E27FEB-C25E-4315-AACE-7CD6F72E9FC9}.Stress|Any CPU.ActiveCfg = Release|Any CPU
		{A8E27FEB-C25E-4315-AACE-7CD6F72E9FC9}.Stress|Any CPU.Build.0 = Release|Any CPU
		{87AC49FF-B578-4FC3-8A1E-242B6CF0E760}.Debug|Any CPU.ActiveCfg = Debug|Any CPU
		{87AC49FF-B578-4FC3-8A1E-242B6CF0E760}.Debug|Any CPU.Build.0 = Debug|Any CPU
		{87AC49FF-B578-4FC3-8A1E-242B6CF0E760}.Release|Any CPU.ActiveCfg = Release|Any CPU
		{87AC49FF-B578-4FC3-8A1E-242B6CF0E760}.Release|Any CPU.Build.0 = Release|Any CPU
		{87AC49FF-B578-4FC3-8A1E-242B6CF0E760}.Stress|Any CPU.ActiveCfg = Stress|Any CPU
		{87AC49FF-B578-4FC3-8A1E-242B6CF0E760}.Stress|Any CPU.Build.0 = Stress|Any CPU
		{A90C77F8-6122-4C74-8E19-635C4A8D0B21}.Debug|Any CPU.ActiveCfg = Debug|Any CPU
		{A90C77F8-6122-4C74-8E19-635C4A8D0B21}.Debug|Any CPU.Build.0 = Debug|Any CPU
		{A90C77F8-6122-4C74-8E19-635C4A8D0B21}.Release|Any CPU.ActiveCfg = Release|Any CPU
		{A90C77F8-6122-4C74-8E19-635C4A8D0B21}.Release|Any CPU.Build.0 = Release|Any CPU
		{A90C77F8-6122-4C74-8E19-635C4A8D0B21}.Stress|Any CPU.ActiveCfg = Stress|Any CPU
		{A90C77F8-6122-4C74-8E19-635C4A8D0B21}.Stress|Any CPU.Build.0 = Stress|Any CPU
		{A53AB08B-6155-4F91-8F83-384265F58530}.Debug|Any CPU.ActiveCfg = Debug|Any CPU
		{A53AB08B-6155-4F91-8F83-384265F58530}.Debug|Any CPU.Build.0 = Debug|Any CPU
		{A53AB08B-6155-4F91-8F83-384265F58530}.Release|Any CPU.ActiveCfg = Release|Any CPU
		{A53AB08B-6155-4F91-8F83-384265F58530}.Release|Any CPU.Build.0 = Release|Any CPU
		{A53AB08B-6155-4F91-8F83-384265F58530}.Stress|Any CPU.ActiveCfg = Stress|Any CPU
		{A53AB08B-6155-4F91-8F83-384265F58530}.Stress|Any CPU.Build.0 = Stress|Any CPU
		{28C8919C-6D51-4E5D-8214-DA6E35F9FDEE}.Debug|Any CPU.ActiveCfg = Debug|Any CPU
		{28C8919C-6D51-4E5D-8214-DA6E35F9FDEE}.Debug|Any CPU.Build.0 = Debug|Any CPU
		{28C8919C-6D51-4E5D-8214-DA6E35F9FDEE}.Release|Any CPU.ActiveCfg = Release|Any CPU
		{28C8919C-6D51-4E5D-8214-DA6E35F9FDEE}.Release|Any CPU.Build.0 = Release|Any CPU
		{28C8919C-6D51-4E5D-8214-DA6E35F9FDEE}.Stress|Any CPU.ActiveCfg = Stress|Any CPU
		{28C8919C-6D51-4E5D-8214-DA6E35F9FDEE}.Stress|Any CPU.Build.0 = Stress|Any CPU
		{4386B84E-FCCA-4FC2-84D7-BD4161CA4612}.Debug|Any CPU.ActiveCfg = Debug|Any CPU
		{4386B84E-FCCA-4FC2-84D7-BD4161CA4612}.Debug|Any CPU.Build.0 = Debug|Any CPU
		{4386B84E-FCCA-4FC2-84D7-BD4161CA4612}.Release|Any CPU.ActiveCfg = Release|Any CPU
		{4386B84E-FCCA-4FC2-84D7-BD4161CA4612}.Release|Any CPU.Build.0 = Release|Any CPU
		{4386B84E-FCCA-4FC2-84D7-BD4161CA4612}.Stress|Any CPU.ActiveCfg = Stress|Any CPU
		{4386B84E-FCCA-4FC2-84D7-BD4161CA4612}.Stress|Any CPU.Build.0 = Stress|Any CPU
	EndGlobalSection
	GlobalSection(SolutionProperties) = preSolution
		HideSolutionNode = FALSE
	EndGlobalSection
EndGlobal
