
Microsoft Visual Studio Solution File, Format Version 12.00
# Visual Studio 14
VisualStudioVersion = 14.0.23107.0
MinimumVisualStudioVersion = 10.0.40219.1
Project("{2150E333-8FDC-42A3-9474-1A3956D46DE8}") = ".nuget", ".nuget", "{90036B3D-3487-407A-A371-5E7B0E579D03}"
EndProject
Project("{2150E333-8FDC-42A3-9474-1A3956D46DE8}") = "Tests", "Tests", "{33B78BC4-C544-499F-B628-961BA4D097D4}"
EndProject
Project("{2150E333-8FDC-42A3-9474-1A3956D46DE8}") = "Integration", "Integration", "{CE6C1C33-CE08-46F3-B586-E78A1A7A7866}"
EndProject
Project("{2150E333-8FDC-42A3-9474-1A3956D46DE8}") = "Clients", "Clients", "{D0DD065C-41CB-4719-A714-D7E2075E9405}"
EndProject
Project("{2150E333-8FDC-42A3-9474-1A3956D46DE8}") = "TreasureGen", "TreasureGen", "{2D573A45-87BD-4DEE-AD45-312FA5154F17}"
EndProject
Project("{2150E333-8FDC-42A3-9474-1A3956D46DE8}") = "Generators", "Generators", "{0AA7329D-2C85-48F3-881D-03F85133FAB3}"
EndProject
Project("{2150E333-8FDC-42A3-9474-1A3956D46DE8}") = "Common", "Common", "{B0F9531C-3B0D-4746-AAA2-FCA8FB8BC05E}"
EndProject
Project("{2150E333-8FDC-42A3-9474-1A3956D46DE8}") = "Selectors", "Selectors", "{315F508C-8A60-45B8-A79C-67952B6403A2}"
EndProject
Project("{2150E333-8FDC-42A3-9474-1A3956D46DE8}") = "Mappers", "Mappers", "{8215F255-ED09-4279-BAE3-727F552DB382}"
EndProject
Project("{2150E333-8FDC-42A3-9474-1A3956D46DE8}") = "Tables", "Tables", "{CE6FD47F-6B05-4E7F-98E6-B501C81AF79E}"
EndProject
Project("{2150E333-8FDC-42A3-9474-1A3956D46DE8}") = "Unit", "Unit", "{0EFB5BFE-4767-4108-8827-F56462CBAD40}"
EndProject
Project("{FAE04EC0-301F-11D3-BF4B-00C04F79EFBC}") = "TreasureGen.Common", "TreasureGen\Common\TreasureGen.Common.csproj", "{F8CFC34B-C195-4EB8-9D0F-1019DDBC60B5}"
EndProject
Project("{FAE04EC0-301F-11D3-BF4B-00C04F79EFBC}") = "TreasureGen.Tests.Integration.Bootstrap", "Tests\Integration\Bootstrap\TreasureGen.Tests.Integration.Bootstrap.csproj", "{87AC49FF-B578-4FC3-8A1E-242B6CF0E760}"
EndProject
Project("{FAE04EC0-301F-11D3-BF4B-00C04F79EFBC}") = "TreasureGen.Tests.Integration.Common", "Tests\Integration\Common\TreasureGen.Tests.Integration.Common.csproj", "{4386B84E-FCCA-4FC2-84D7-BD4161CA4612}"
EndProject
Project("{FAE04EC0-301F-11D3-BF4B-00C04F79EFBC}") = "TreasureGen.Tests.Integration.Stress", "Tests\Integration\Stress\TreasureGen.Tests.Integration.Stress.csproj", "{A90C77F8-6122-4C74-8E19-635C4A8D0B21}"
EndProject
Project("{FAE04EC0-301F-11D3-BF4B-00C04F79EFBC}") = "TreasureGen.Tests.Integration.Tables", "Tests\Integration\Tables\TreasureGen.Tests.Integration.Tables.csproj", "{A53AB08B-6155-4F91-8F83-384265F58530}"
EndProject
Project("{FAE04EC0-301F-11D3-BF4B-00C04F79EFBC}") = "TreasureGen.Tests.Unit.Common", "Tests\Unit\Common\TreasureGen.Tests.Unit.Common.csproj", "{28C8919C-6D51-4E5D-8214-DA6E35F9FDEE}"
EndProject
Project("{FAE04EC0-301F-11D3-BF4B-00C04F79EFBC}") = "TreasureGen.Tests.Unit.Generators", "Tests\Unit\Generators\TreasureGen.Tests.Unit.Generators.csproj", "{0BB94F05-80BC-4B42-A035-26A97B45B5A1}"
EndProject
Project("{FAE04EC0-301F-11D3-BF4B-00C04F79EFBC}") = "TreasureGen.Tests.Unit.Mappers", "Tests\Unit\Mappers\TreasureGen.Tests.Unit.Mappers.csproj", "{5B81958D-5737-4F3C-B0D0-C568245926AF}"
EndProject
Project("{FAE04EC0-301F-11D3-BF4B-00C04F79EFBC}") = "TreasureGen.Tests.Unit.Selectors", "Tests\Unit\Selectors\TreasureGen.Tests.Unit.Selectors.csproj", "{7465D5B6-F877-4FE0-84C6-D0992694A2DC}"
EndProject
Project("{FAE04EC0-301F-11D3-BF4B-00C04F79EFBC}") = "TreasureGen.Tests.Unit.Tables", "Tests\Unit\Tables\TreasureGen.Tests.Unit.Tables.csproj", "{BBBA778C-15A0-4729-8568-F3B508A631B5}"
EndProject
Project("{FAE04EC0-301F-11D3-BF4B-00C04F79EFBC}") = "TreasureGen.Generators", "TreasureGen\Generators\Contracts\TreasureGen.Generators.csproj", "{83967DEC-4CF8-41BB-8310-1FC881ECCC18}"
EndProject
Project("{FAE04EC0-301F-11D3-BF4B-00C04F79EFBC}") = "TreasureGen.Generators.Domain", "TreasureGen\Generators\Domain\TreasureGen.Generators.Domain.csproj", "{187F1421-35EB-4050-879A-4AA77E89615B}"
EndProject
Project("{FAE04EC0-301F-11D3-BF4B-00C04F79EFBC}") = "TreasureGen.Mappers", "TreasureGen\Mappers\Contracts\TreasureGen.Mappers.csproj", "{BAEF420B-4690-4946-B2FC-C9D9CFE35338}"
EndProject
Project("{FAE04EC0-301F-11D3-BF4B-00C04F79EFBC}") = "TreasureGen.Mappers.Domain", "TreasureGen\Mappers\Domain\TreasureGen.Mappers.Domain.csproj", "{74AAA5DD-7DE2-4BBD-BED1-829B26F0D4EB}"
EndProject
Project("{FAE04EC0-301F-11D3-BF4B-00C04F79EFBC}") = "TreasureGen.Selectors", "TreasureGen\Selectors\Contracts\TreasureGen.Selectors.csproj", "{7C866A48-9753-4A52-B77D-E6E3B3329D40}"
EndProject
Project("{FAE04EC0-301F-11D3-BF4B-00C04F79EFBC}") = "TreasureGen.Selectors.Domain", "TreasureGen\Selectors\Domain\TreasureGen.Selectors.Domain.csproj", "{A40B2852-673A-46BF-B4D5-8CE52EFEDF35}"
EndProject
Project("{FAE04EC0-301F-11D3-BF4B-00C04F79EFBC}") = "TreasureGen.Tables", "TreasureGen\Tables\Contracts\TreasureGen.Tables.csproj", "{C9FBE7DF-A7C5-4274-B7B5-B8C4C9E5001D}"
EndProject
Project("{FAE04EC0-301F-11D3-BF4B-00C04F79EFBC}") = "TreasureGen.Tables.Domain", "TreasureGen\Tables\Domain\TreasureGen.Tables.Domain.csproj", "{B404A5BF-02DE-400E-9DAD-5CAFBC72A926}"
EndProject
Project("{FAE04EC0-301F-11D3-BF4B-00C04F79EFBC}") = "TreasureGen.Bootstrap", "Bootstrap\TreasureGen.Bootstrap.csproj", "{EE68FAEB-1D40-447F-9BCD-93D1FFDFE858}"
EndProject
Global
	GlobalSection(SolutionConfigurationPlatforms) = preSolution
		Debug|Any CPU = Debug|Any CPU
		Release|Any CPU = Release|Any CPU
		Run Tests - Stress|Any CPU = Run Tests - Stress|Any CPU
	EndGlobalSection
	GlobalSection(ProjectConfigurationPlatforms) = postSolution
		{F8CFC34B-C195-4EB8-9D0F-1019DDBC60B5}.Debug|Any CPU.ActiveCfg = Debug|Any CPU
		{F8CFC34B-C195-4EB8-9D0F-1019DDBC60B5}.Debug|Any CPU.Build.0 = Debug|Any CPU
		{F8CFC34B-C195-4EB8-9D0F-1019DDBC60B5}.Release|Any CPU.ActiveCfg = Release|Any CPU
		{F8CFC34B-C195-4EB8-9D0F-1019DDBC60B5}.Release|Any CPU.Build.0 = Release|Any CPU
		{F8CFC34B-C195-4EB8-9D0F-1019DDBC60B5}.Run Tests - Stress|Any CPU.ActiveCfg = Run Tests - Stress|Any CPU
		{F8CFC34B-C195-4EB8-9D0F-1019DDBC60B5}.Run Tests - Stress|Any CPU.Build.0 = Run Tests - Stress|Any CPU
		{87AC49FF-B578-4FC3-8A1E-242B6CF0E760}.Debug|Any CPU.ActiveCfg = Debug|Any CPU
		{87AC49FF-B578-4FC3-8A1E-242B6CF0E760}.Debug|Any CPU.Build.0 = Debug|Any CPU
		{87AC49FF-B578-4FC3-8A1E-242B6CF0E760}.Release|Any CPU.ActiveCfg = Release|Any CPU
		{87AC49FF-B578-4FC3-8A1E-242B6CF0E760}.Release|Any CPU.Build.0 = Release|Any CPU
		{87AC49FF-B578-4FC3-8A1E-242B6CF0E760}.Run Tests - Stress|Any CPU.ActiveCfg = Run Tests - Stress|Any CPU
		{87AC49FF-B578-4FC3-8A1E-242B6CF0E760}.Run Tests - Stress|Any CPU.Build.0 = Run Tests - Stress|Any CPU
		{4386B84E-FCCA-4FC2-84D7-BD4161CA4612}.Debug|Any CPU.ActiveCfg = Debug|Any CPU
		{4386B84E-FCCA-4FC2-84D7-BD4161CA4612}.Debug|Any CPU.Build.0 = Debug|Any CPU
		{4386B84E-FCCA-4FC2-84D7-BD4161CA4612}.Release|Any CPU.ActiveCfg = Release|Any CPU
		{4386B84E-FCCA-4FC2-84D7-BD4161CA4612}.Release|Any CPU.Build.0 = Release|Any CPU
		{4386B84E-FCCA-4FC2-84D7-BD4161CA4612}.Run Tests - Stress|Any CPU.ActiveCfg = Run Tests - Stress|Any CPU
		{4386B84E-FCCA-4FC2-84D7-BD4161CA4612}.Run Tests - Stress|Any CPU.Build.0 = Run Tests - Stress|Any CPU
		{A90C77F8-6122-4C74-8E19-635C4A8D0B21}.Debug|Any CPU.ActiveCfg = Debug|Any CPU
		{A90C77F8-6122-4C74-8E19-635C4A8D0B21}.Debug|Any CPU.Build.0 = Debug|Any CPU
		{A90C77F8-6122-4C74-8E19-635C4A8D0B21}.Release|Any CPU.ActiveCfg = Release|Any CPU
		{A90C77F8-6122-4C74-8E19-635C4A8D0B21}.Release|Any CPU.Build.0 = Release|Any CPU
		{A90C77F8-6122-4C74-8E19-635C4A8D0B21}.Run Tests - Stress|Any CPU.ActiveCfg = Run Tests - Stress|Any CPU
		{A90C77F8-6122-4C74-8E19-635C4A8D0B21}.Run Tests - Stress|Any CPU.Build.0 = Run Tests - Stress|Any CPU
		{A53AB08B-6155-4F91-8F83-384265F58530}.Debug|Any CPU.ActiveCfg = Debug|Any CPU
		{A53AB08B-6155-4F91-8F83-384265F58530}.Debug|Any CPU.Build.0 = Debug|Any CPU
		{A53AB08B-6155-4F91-8F83-384265F58530}.Release|Any CPU.ActiveCfg = Release|Any CPU
		{A53AB08B-6155-4F91-8F83-384265F58530}.Release|Any CPU.Build.0 = Release|Any CPU
		{A53AB08B-6155-4F91-8F83-384265F58530}.Run Tests - Stress|Any CPU.ActiveCfg = Run Tests - Stress|Any CPU
		{A53AB08B-6155-4F91-8F83-384265F58530}.Run Tests - Stress|Any CPU.Build.0 = Run Tests - Stress|Any CPU
		{28C8919C-6D51-4E5D-8214-DA6E35F9FDEE}.Debug|Any CPU.ActiveCfg = Debug|Any CPU
		{28C8919C-6D51-4E5D-8214-DA6E35F9FDEE}.Debug|Any CPU.Build.0 = Debug|Any CPU
		{28C8919C-6D51-4E5D-8214-DA6E35F9FDEE}.Release|Any CPU.ActiveCfg = Release|Any CPU
		{28C8919C-6D51-4E5D-8214-DA6E35F9FDEE}.Release|Any CPU.Build.0 = Release|Any CPU
		{28C8919C-6D51-4E5D-8214-DA6E35F9FDEE}.Run Tests - Stress|Any CPU.ActiveCfg = Run Tests - Stress|Any CPU
		{28C8919C-6D51-4E5D-8214-DA6E35F9FDEE}.Run Tests - Stress|Any CPU.Build.0 = Run Tests - Stress|Any CPU
		{0BB94F05-80BC-4B42-A035-26A97B45B5A1}.Debug|Any CPU.ActiveCfg = Debug|Any CPU
		{0BB94F05-80BC-4B42-A035-26A97B45B5A1}.Debug|Any CPU.Build.0 = Debug|Any CPU
		{0BB94F05-80BC-4B42-A035-26A97B45B5A1}.Release|Any CPU.ActiveCfg = Release|Any CPU
		{0BB94F05-80BC-4B42-A035-26A97B45B5A1}.Release|Any CPU.Build.0 = Release|Any CPU
		{0BB94F05-80BC-4B42-A035-26A97B45B5A1}.Run Tests - Stress|Any CPU.ActiveCfg = Run Tests - Stress|Any CPU
		{0BB94F05-80BC-4B42-A035-26A97B45B5A1}.Run Tests - Stress|Any CPU.Build.0 = Run Tests - Stress|Any CPU
		{5B81958D-5737-4F3C-B0D0-C568245926AF}.Debug|Any CPU.ActiveCfg = Debug|Any CPU
		{5B81958D-5737-4F3C-B0D0-C568245926AF}.Debug|Any CPU.Build.0 = Debug|Any CPU
		{5B81958D-5737-4F3C-B0D0-C568245926AF}.Release|Any CPU.ActiveCfg = Release|Any CPU
		{5B81958D-5737-4F3C-B0D0-C568245926AF}.Release|Any CPU.Build.0 = Release|Any CPU
		{5B81958D-5737-4F3C-B0D0-C568245926AF}.Run Tests - Stress|Any CPU.ActiveCfg = Run Tests - Stress|Any CPU
		{5B81958D-5737-4F3C-B0D0-C568245926AF}.Run Tests - Stress|Any CPU.Build.0 = Run Tests - Stress|Any CPU
		{7465D5B6-F877-4FE0-84C6-D0992694A2DC}.Debug|Any CPU.ActiveCfg = Debug|Any CPU
		{7465D5B6-F877-4FE0-84C6-D0992694A2DC}.Debug|Any CPU.Build.0 = Debug|Any CPU
		{7465D5B6-F877-4FE0-84C6-D0992694A2DC}.Release|Any CPU.ActiveCfg = Release|Any CPU
		{7465D5B6-F877-4FE0-84C6-D0992694A2DC}.Release|Any CPU.Build.0 = Release|Any CPU
		{7465D5B6-F877-4FE0-84C6-D0992694A2DC}.Run Tests - Stress|Any CPU.ActiveCfg = Run Tests - Stress|Any CPU
		{7465D5B6-F877-4FE0-84C6-D0992694A2DC}.Run Tests - Stress|Any CPU.Build.0 = Run Tests - Stress|Any CPU
		{BBBA778C-15A0-4729-8568-F3B508A631B5}.Debug|Any CPU.ActiveCfg = Debug|Any CPU
		{BBBA778C-15A0-4729-8568-F3B508A631B5}.Debug|Any CPU.Build.0 = Debug|Any CPU
		{BBBA778C-15A0-4729-8568-F3B508A631B5}.Release|Any CPU.ActiveCfg = Release|Any CPU
		{BBBA778C-15A0-4729-8568-F3B508A631B5}.Release|Any CPU.Build.0 = Release|Any CPU
		{BBBA778C-15A0-4729-8568-F3B508A631B5}.Run Tests - Stress|Any CPU.ActiveCfg = Release|Any CPU
		{BBBA778C-15A0-4729-8568-F3B508A631B5}.Run Tests - Stress|Any CPU.Build.0 = Release|Any CPU
		{83967DEC-4CF8-41BB-8310-1FC881ECCC18}.Debug|Any CPU.ActiveCfg = Debug|Any CPU
		{83967DEC-4CF8-41BB-8310-1FC881ECCC18}.Debug|Any CPU.Build.0 = Debug|Any CPU
		{83967DEC-4CF8-41BB-8310-1FC881ECCC18}.Release|Any CPU.ActiveCfg = Release|Any CPU
		{83967DEC-4CF8-41BB-8310-1FC881ECCC18}.Release|Any CPU.Build.0 = Release|Any CPU
		{83967DEC-4CF8-41BB-8310-1FC881ECCC18}.Run Tests - Stress|Any CPU.ActiveCfg = Run Tests - Stress|Any CPU
		{83967DEC-4CF8-41BB-8310-1FC881ECCC18}.Run Tests - Stress|Any CPU.Build.0 = Run Tests - Stress|Any CPU
		{187F1421-35EB-4050-879A-4AA77E89615B}.Debug|Any CPU.ActiveCfg = Debug|Any CPU
		{187F1421-35EB-4050-879A-4AA77E89615B}.Debug|Any CPU.Build.0 = Debug|Any CPU
		{187F1421-35EB-4050-879A-4AA77E89615B}.Release|Any CPU.ActiveCfg = Release|Any CPU
		{187F1421-35EB-4050-879A-4AA77E89615B}.Release|Any CPU.Build.0 = Release|Any CPU
		{187F1421-35EB-4050-879A-4AA77E89615B}.Run Tests - Stress|Any CPU.ActiveCfg = Run Tests - Stress|Any CPU
		{187F1421-35EB-4050-879A-4AA77E89615B}.Run Tests - Stress|Any CPU.Build.0 = Run Tests - Stress|Any CPU
		{BAEF420B-4690-4946-B2FC-C9D9CFE35338}.Debug|Any CPU.ActiveCfg = Debug|Any CPU
		{BAEF420B-4690-4946-B2FC-C9D9CFE35338}.Debug|Any CPU.Build.0 = Debug|Any CPU
		{BAEF420B-4690-4946-B2FC-C9D9CFE35338}.Release|Any CPU.ActiveCfg = Release|Any CPU
		{BAEF420B-4690-4946-B2FC-C9D9CFE35338}.Release|Any CPU.Build.0 = Release|Any CPU
		{BAEF420B-4690-4946-B2FC-C9D9CFE35338}.Run Tests - Stress|Any CPU.ActiveCfg = Run Tests - Stress|Any CPU
		{BAEF420B-4690-4946-B2FC-C9D9CFE35338}.Run Tests - Stress|Any CPU.Build.0 = Run Tests - Stress|Any CPU
		{74AAA5DD-7DE2-4BBD-BED1-829B26F0D4EB}.Debug|Any CPU.ActiveCfg = Debug|Any CPU
		{74AAA5DD-7DE2-4BBD-BED1-829B26F0D4EB}.Debug|Any CPU.Build.0 = Debug|Any CPU
		{74AAA5DD-7DE2-4BBD-BED1-829B26F0D4EB}.Release|Any CPU.ActiveCfg = Release|Any CPU
		{74AAA5DD-7DE2-4BBD-BED1-829B26F0D4EB}.Release|Any CPU.Build.0 = Release|Any CPU
		{74AAA5DD-7DE2-4BBD-BED1-829B26F0D4EB}.Run Tests - Stress|Any CPU.ActiveCfg = Run Tests - Stress|Any CPU
		{74AAA5DD-7DE2-4BBD-BED1-829B26F0D4EB}.Run Tests - Stress|Any CPU.Build.0 = Run Tests - Stress|Any CPU
		{7C866A48-9753-4A52-B77D-E6E3B3329D40}.Debug|Any CPU.ActiveCfg = Debug|Any CPU
		{7C866A48-9753-4A52-B77D-E6E3B3329D40}.Debug|Any CPU.Build.0 = Debug|Any CPU
		{7C866A48-9753-4A52-B77D-E6E3B3329D40}.Release|Any CPU.ActiveCfg = Release|Any CPU
		{7C866A48-9753-4A52-B77D-E6E3B3329D40}.Release|Any CPU.Build.0 = Release|Any CPU
		{7C866A48-9753-4A52-B77D-E6E3B3329D40}.Run Tests - Stress|Any CPU.ActiveCfg = Run Tests - Stress|Any CPU
		{7C866A48-9753-4A52-B77D-E6E3B3329D40}.Run Tests - Stress|Any CPU.Build.0 = Run Tests - Stress|Any CPU
		{A40B2852-673A-46BF-B4D5-8CE52EFEDF35}.Debug|Any CPU.ActiveCfg = Debug|Any CPU
		{A40B2852-673A-46BF-B4D5-8CE52EFEDF35}.Debug|Any CPU.Build.0 = Debug|Any CPU
		{A40B2852-673A-46BF-B4D5-8CE52EFEDF35}.Release|Any CPU.ActiveCfg = Release|Any CPU
		{A40B2852-673A-46BF-B4D5-8CE52EFEDF35}.Release|Any CPU.Build.0 = Release|Any CPU
		{A40B2852-673A-46BF-B4D5-8CE52EFEDF35}.Run Tests - Stress|Any CPU.ActiveCfg = Run Tests - Stress|Any CPU
		{A40B2852-673A-46BF-B4D5-8CE52EFEDF35}.Run Tests - Stress|Any CPU.Build.0 = Run Tests - Stress|Any CPU
		{C9FBE7DF-A7C5-4274-B7B5-B8C4C9E5001D}.Debug|Any CPU.ActiveCfg = Debug|Any CPU
		{C9FBE7DF-A7C5-4274-B7B5-B8C4C9E5001D}.Debug|Any CPU.Build.0 = Debug|Any CPU
		{C9FBE7DF-A7C5-4274-B7B5-B8C4C9E5001D}.Release|Any CPU.ActiveCfg = Release|Any CPU
		{C9FBE7DF-A7C5-4274-B7B5-B8C4C9E5001D}.Release|Any CPU.Build.0 = Release|Any CPU
		{C9FBE7DF-A7C5-4274-B7B5-B8C4C9E5001D}.Run Tests - Stress|Any CPU.ActiveCfg = Run Tests - Stress|Any CPU
		{C9FBE7DF-A7C5-4274-B7B5-B8C4C9E5001D}.Run Tests - Stress|Any CPU.Build.0 = Run Tests - Stress|Any CPU
		{B404A5BF-02DE-400E-9DAD-5CAFBC72A926}.Debug|Any CPU.ActiveCfg = Debug|Any CPU
		{B404A5BF-02DE-400E-9DAD-5CAFBC72A926}.Debug|Any CPU.Build.0 = Debug|Any CPU
		{B404A5BF-02DE-400E-9DAD-5CAFBC72A926}.Release|Any CPU.ActiveCfg = Release|Any CPU
		{B404A5BF-02DE-400E-9DAD-5CAFBC72A926}.Release|Any CPU.Build.0 = Release|Any CPU
		{B404A5BF-02DE-400E-9DAD-5CAFBC72A926}.Run Tests - Stress|Any CPU.ActiveCfg = Run Tests - Stress|Any CPU
		{B404A5BF-02DE-400E-9DAD-5CAFBC72A926}.Run Tests - Stress|Any CPU.Build.0 = Run Tests - Stress|Any CPU
		{EE68FAEB-1D40-447F-9BCD-93D1FFDFE858}.Debug|Any CPU.ActiveCfg = Debug|Any CPU
		{EE68FAEB-1D40-447F-9BCD-93D1FFDFE858}.Debug|Any CPU.Build.0 = Debug|Any CPU
		{EE68FAEB-1D40-447F-9BCD-93D1FFDFE858}.Release|Any CPU.ActiveCfg = Release|Any CPU
		{EE68FAEB-1D40-447F-9BCD-93D1FFDFE858}.Release|Any CPU.Build.0 = Release|Any CPU
		{EE68FAEB-1D40-447F-9BCD-93D1FFDFE858}.Run Tests - Stress|Any CPU.ActiveCfg = Run Tests - Stress|Any CPU
		{EE68FAEB-1D40-447F-9BCD-93D1FFDFE858}.Run Tests - Stress|Any CPU.Build.0 = Run Tests - Stress|Any CPU
	EndGlobalSection
	GlobalSection(SolutionProperties) = preSolution
		HideSolutionNode = FALSE
	EndGlobalSection
	GlobalSection(NestedProjects) = preSolution
		{CE6C1C33-CE08-46F3-B586-E78A1A7A7866} = {33B78BC4-C544-499F-B628-961BA4D097D4}
		{0AA7329D-2C85-48F3-881D-03F85133FAB3} = {2D573A45-87BD-4DEE-AD45-312FA5154F17}
		{B0F9531C-3B0D-4746-AAA2-FCA8FB8BC05E} = {2D573A45-87BD-4DEE-AD45-312FA5154F17}
		{315F508C-8A60-45B8-A79C-67952B6403A2} = {2D573A45-87BD-4DEE-AD45-312FA5154F17}
		{8215F255-ED09-4279-BAE3-727F552DB382} = {2D573A45-87BD-4DEE-AD45-312FA5154F17}
		{CE6FD47F-6B05-4E7F-98E6-B501C81AF79E} = {2D573A45-87BD-4DEE-AD45-312FA5154F17}
		{0EFB5BFE-4767-4108-8827-F56462CBAD40} = {33B78BC4-C544-499F-B628-961BA4D097D4}
		{F8CFC34B-C195-4EB8-9D0F-1019DDBC60B5} = {B0F9531C-3B0D-4746-AAA2-FCA8FB8BC05E}
		{87AC49FF-B578-4FC3-8A1E-242B6CF0E760} = {CE6C1C33-CE08-46F3-B586-E78A1A7A7866}
		{4386B84E-FCCA-4FC2-84D7-BD4161CA4612} = {CE6C1C33-CE08-46F3-B586-E78A1A7A7866}
		{A90C77F8-6122-4C74-8E19-635C4A8D0B21} = {CE6C1C33-CE08-46F3-B586-E78A1A7A7866}
		{A53AB08B-6155-4F91-8F83-384265F58530} = {CE6C1C33-CE08-46F3-B586-E78A1A7A7866}
		{28C8919C-6D51-4E5D-8214-DA6E35F9FDEE} = {0EFB5BFE-4767-4108-8827-F56462CBAD40}
		{0BB94F05-80BC-4B42-A035-26A97B45B5A1} = {0EFB5BFE-4767-4108-8827-F56462CBAD40}
		{5B81958D-5737-4F3C-B0D0-C568245926AF} = {0EFB5BFE-4767-4108-8827-F56462CBAD40}
		{7465D5B6-F877-4FE0-84C6-D0992694A2DC} = {0EFB5BFE-4767-4108-8827-F56462CBAD40}
		{BBBA778C-15A0-4729-8568-F3B508A631B5} = {0EFB5BFE-4767-4108-8827-F56462CBAD40}
		{83967DEC-4CF8-41BB-8310-1FC881ECCC18} = {0AA7329D-2C85-48F3-881D-03F85133FAB3}
		{187F1421-35EB-4050-879A-4AA77E89615B} = {0AA7329D-2C85-48F3-881D-03F85133FAB3}
		{BAEF420B-4690-4946-B2FC-C9D9CFE35338} = {8215F255-ED09-4279-BAE3-727F552DB382}
		{74AAA5DD-7DE2-4BBD-BED1-829B26F0D4EB} = {8215F255-ED09-4279-BAE3-727F552DB382}
		{7C866A48-9753-4A52-B77D-E6E3B3329D40} = {315F508C-8A60-45B8-A79C-67952B6403A2}
		{A40B2852-673A-46BF-B4D5-8CE52EFEDF35} = {315F508C-8A60-45B8-A79C-67952B6403A2}
		{C9FBE7DF-A7C5-4274-B7B5-B8C4C9E5001D} = {CE6FD47F-6B05-4E7F-98E6-B501C81AF79E}
		{B404A5BF-02DE-400E-9DAD-5CAFBC72A926} = {CE6FD47F-6B05-4E7F-98E6-B501C81AF79E}
		{EE68FAEB-1D40-447F-9BCD-93D1FFDFE858} = {D0DD065C-41CB-4719-A714-D7E2075E9405}
	EndGlobalSection
EndGlobal
